// !$*UTF8*$!
{
	archiveVersion = 1;
	classes = {
	};
	objectVersion = 50;
	objects = {

/* Begin PBXBuildFile section */
		337D421027B59B90005195A0 /* RegisterViewController.swift in Sources */ = {isa = PBXBuildFile; fileRef = 337D420F27B59B90005195A0 /* RegisterViewController.swift */; };
		337D421227B59BB1005195A0 /* ProfileViewController.swift in Sources */ = {isa = PBXBuildFile; fileRef = 337D421127B59BB1005195A0 /* ProfileViewController.swift */; };
		337D421427B59F8A005195A0 /* RecoverPasswordViewController.swift in Sources */ = {isa = PBXBuildFile; fileRef = 337D421327B59F8A005195A0 /* RecoverPasswordViewController.swift */; };
		33855F8327C403FD009134B5 /* EmployeeCell.swift in Sources */ = {isa = PBXBuildFile; fileRef = 33855F8227C403FD009134B5 /* EmployeeCell.swift */; };
		33855F8527C41B69009134B5 /* Connection.swift in Sources */ = {isa = PBXBuildFile; fileRef = 33855F8427C41B69009134B5 /* Connection.swift */; };
		33855F8727C41B79009134B5 /* DataMapper.swift in Sources */ = {isa = PBXBuildFile; fileRef = 33855F8627C41B79009134B5 /* DataMapper.swift */; };
		33855F8927C41B83009134B5 /* AppData.swift in Sources */ = {isa = PBXBuildFile; fileRef = 33855F8827C41B83009134B5 /* AppData.swift */; };
		338AB84C27B2F39000EA41E5 /* AppDelegate.swift in Sources */ = {isa = PBXBuildFile; fileRef = 338AB84B27B2F39000EA41E5 /* AppDelegate.swift */; };
		338AB84E27B2F39000EA41E5 /* SceneDelegate.swift in Sources */ = {isa = PBXBuildFile; fileRef = 338AB84D27B2F39000EA41E5 /* SceneDelegate.swift */; };
		338AB85327B2F39000EA41E5 /* Main.storyboard in Resources */ = {isa = PBXBuildFile; fileRef = 338AB85127B2F39000EA41E5 /* Main.storyboard */; };
		338AB85527B2F39100EA41E5 /* Assets.xcassets in Resources */ = {isa = PBXBuildFile; fileRef = 338AB85427B2F39100EA41E5 /* Assets.xcassets */; };
		338AB85827B2F39100EA41E5 /* LaunchScreen.storyboard in Resources */ = {isa = PBXBuildFile; fileRef = 338AB85627B2F39100EA41E5 /* LaunchScreen.storyboard */; };
		338AB86027B2FAFE00EA41E5 /* LogInViewController.swift in Sources */ = {isa = PBXBuildFile; fileRef = 338AB85F27B2FAFE00EA41E5 /* LogInViewController.swift */; };
		338AB86227B3018500EA41E5 /* EmployeeListViewController.swift in Sources */ = {isa = PBXBuildFile; fileRef = 338AB86127B3018500EA41E5 /* EmployeeListViewController.swift */; };
/* End PBXBuildFile section */

/* Begin PBXFileReference section */
		337D420F27B59B90005195A0 /* RegisterViewController.swift */ = {isa = PBXFileReference; lastKnownFileType = sourcecode.swift; path = RegisterViewController.swift; sourceTree = "<group>"; };
		337D421127B59BB1005195A0 /* ProfileViewController.swift */ = {isa = PBXFileReference; lastKnownFileType = sourcecode.swift; path = ProfileViewController.swift; sourceTree = "<group>"; };
		337D421327B59F8A005195A0 /* RecoverPasswordViewController.swift */ = {isa = PBXFileReference; lastKnownFileType = sourcecode.swift; path = RecoverPasswordViewController.swift; sourceTree = "<group>"; };
		33855F8227C403FD009134B5 /* EmployeeCell.swift */ = {isa = PBXFileReference; lastKnownFileType = sourcecode.swift; path = EmployeeCell.swift; sourceTree = "<group>"; };
		33855F8427C41B69009134B5 /* Connection.swift */ = {isa = PBXFileReference; lastKnownFileType = sourcecode.swift; path = Connection.swift; sourceTree = "<group>"; };
		33855F8627C41B79009134B5 /* DataMapper.swift */ = {isa = PBXFileReference; lastKnownFileType = sourcecode.swift; path = DataMapper.swift; sourceTree = "<group>"; };
		33855F8827C41B83009134B5 /* AppData.swift */ = {isa = PBXFileReference; lastKnownFileType = sourcecode.swift; path = AppData.swift; sourceTree = "<group>"; };
		338AB84827B2F39000EA41E5 /* Employees.app */ = {isa = PBXFileReference; explicitFileType = wrapper.application; includeInIndex = 0; path = Employees.app; sourceTree = BUILT_PRODUCTS_DIR; };
		338AB84B27B2F39000EA41E5 /* AppDelegate.swift */ = {isa = PBXFileReference; lastKnownFileType = sourcecode.swift; path = AppDelegate.swift; sourceTree = "<group>"; };
		338AB84D27B2F39000EA41E5 /* SceneDelegate.swift */ = {isa = PBXFileReference; lastKnownFileType = sourcecode.swift; path = SceneDelegate.swift; sourceTree = "<group>"; };
		338AB85227B2F39000EA41E5 /* Base */ = {isa = PBXFileReference; lastKnownFileType = file.storyboard; name = Base; path = Base.lproj/Main.storyboard; sourceTree = "<group>"; };
		338AB85427B2F39100EA41E5 /* Assets.xcassets */ = {isa = PBXFileReference; lastKnownFileType = folder.assetcatalog; path = Assets.xcassets; sourceTree = "<group>"; };
		338AB85727B2F39100EA41E5 /* Base */ = {isa = PBXFileReference; lastKnownFileType = file.storyboard; name = Base; path = Base.lproj/LaunchScreen.storyboard; sourceTree = "<group>"; };
		338AB85927B2F39100EA41E5 /* Info.plist */ = {isa = PBXFileReference; lastKnownFileType = text.plist.xml; path = Info.plist; sourceTree = "<group>"; };
		338AB85F27B2FAFE00EA41E5 /* LogInViewController.swift */ = {isa = PBXFileReference; lastKnownFileType = sourcecode.swift; path = LogInViewController.swift; sourceTree = "<group>"; };
		338AB86127B3018500EA41E5 /* EmployeeListViewController.swift */ = {isa = PBXFileReference; lastKnownFileType = sourcecode.swift; path = EmployeeListViewController.swift; sourceTree = "<group>"; };
/* End PBXFileReference section */

/* Begin PBXFrameworksBuildPhase section */
		338AB84527B2F39000EA41E5 /* Frameworks */ = {
			isa = PBXFrameworksBuildPhase;
			buildActionMask = 2147483647;
			files = (
			);
			runOnlyForDeploymentPostprocessing = 0;
		};
/* End PBXFrameworksBuildPhase section */

/* Begin PBXGroup section */
		33855F7B27C3ED79009134B5 /* Data layer */ = {
			isa = PBXGroup;
			children = (
				33855F7F27C3EDB2009134B5 /* Network */,
				33855F7C27C3ED81009134B5 /* Models */,
			);
			path = "Data layer";
			sourceTree = "<group>";
		};
		33855F7C27C3ED81009134B5 /* Models */ = {
			isa = PBXGroup;
			children = (
				33855F8127C403E4009134B5 /* Cells */,
				33855F8027C403D8009134B5 /* UserPreferences */,
			);
			path = Models;
			sourceTree = "<group>";
		};
		33855F7F27C3EDB2009134B5 /* Network */ = {
			isa = PBXGroup;
			children = (
				33855F8427C41B69009134B5 /* Connection.swift */,
				33855F8627C41B79009134B5 /* DataMapper.swift */,
				33855F8827C41B83009134B5 /* AppData.swift */,
			);
			path = Network;
			sourceTree = "<group>";
		};
		33855F8027C403D8009134B5 /* UserPreferences */ = {
			isa = PBXGroup;
			children = (
			);
			path = UserPreferences;
			sourceTree = "<group>";
		};
		33855F8127C403E4009134B5 /* Cells */ = {
			isa = PBXGroup;
			children = (
				33855F8227C403FD009134B5 /* EmployeeCell.swift */,
			);
			path = Cells;
			sourceTree = "<group>";
		};
		338AB83F27B2F39000EA41E5 = {
			isa = PBXGroup;
			children = (
				338AB84A27B2F39000EA41E5 /* Employees */,
				338AB84927B2F39000EA41E5 /* Products */,
			);
			sourceTree = "<group>";
		};
		338AB84927B2F39000EA41E5 /* Products */ = {
			isa = PBXGroup;
			children = (
				338AB84827B2F39000EA41E5 /* Employees.app */,
			);
			name = Products;
			sourceTree = "<group>";
		};
		338AB84A27B2F39000EA41E5 /* Employees */ = {
			isa = PBXGroup;
			children = (
				33855F7B27C3ED79009134B5 /* Data layer */,
				33982AD127C00071009DE9D8 /* ViewControllers */,
				338AB84B27B2F39000EA41E5 /* AppDelegate.swift */,
				338AB84D27B2F39000EA41E5 /* SceneDelegate.swift */,
				338AB85127B2F39000EA41E5 /* Main.storyboard */,
				338AB85427B2F39100EA41E5 /* Assets.xcassets */,
				338AB85627B2F39100EA41E5 /* LaunchScreen.storyboard */,
				338AB85927B2F39100EA41E5 /* Info.plist */,
			);
			path = Employees;
			sourceTree = "<group>";
		};
		33982AD127C00071009DE9D8 /* ViewControllers */ = {
			isa = PBXGroup;
			children = (
				337D421327B59F8A005195A0 /* RecoverPasswordViewController.swift */,
				338AB85F27B2FAFE00EA41E5 /* LogInViewController.swift */,
				338AB86127B3018500EA41E5 /* EmployeeListViewController.swift */,
				337D420F27B59B90005195A0 /* RegisterViewController.swift */,
				337D421127B59BB1005195A0 /* ProfileViewController.swift */,
			);
			path = ViewControllers;
			sourceTree = "<group>";
		};
/* End PBXGroup section */

/* Begin PBXNativeTarget section */
		338AB84727B2F39000EA41E5 /* Employees */ = {
			isa = PBXNativeTarget;
			buildConfigurationList = 338AB85C27B2F39100EA41E5 /* Build configuration list for PBXNativeTarget "Employees" */;
			buildPhases = (
				338AB84427B2F39000EA41E5 /* Sources */,
				338AB84527B2F39000EA41E5 /* Frameworks */,
				338AB84627B2F39000EA41E5 /* Resources */,
			);
			buildRules = (
			);
			dependencies = (
			);
			name = Employees;
			productName = Employees;
			productReference = 338AB84827B2F39000EA41E5 /* Employees.app */;
			productType = "com.apple.product-type.application";
		};
/* End PBXNativeTarget section */

/* Begin PBXProject section */
		338AB84027B2F39000EA41E5 /* Project object */ = {
			isa = PBXProject;
			attributes = {
				LastSwiftUpdateCheck = 1250;
				LastUpgradeCheck = 1250;
				TargetAttributes = {
					338AB84727B2F39000EA41E5 = {
						CreatedOnToolsVersion = 12.5.1;
					};
				};
			};
			buildConfigurationList = 338AB84327B2F39000EA41E5 /* Build configuration list for PBXProject "Employees" */;
			compatibilityVersion = "Xcode 9.3";
			developmentRegion = en;
			hasScannedForEncodings = 0;
			knownRegions = (
				en,
				Base,
			);
			mainGroup = 338AB83F27B2F39000EA41E5;
			productRefGroup = 338AB84927B2F39000EA41E5 /* Products */;
			projectDirPath = "";
			projectRoot = "";
			targets = (
				338AB84727B2F39000EA41E5 /* Employees */,
			);
		};
/* End PBXProject section */

/* Begin PBXResourcesBuildPhase section */
		338AB84627B2F39000EA41E5 /* Resources */ = {
			isa = PBXResourcesBuildPhase;
			buildActionMask = 2147483647;
			files = (
				338AB85827B2F39100EA41E5 /* LaunchScreen.storyboard in Resources */,
				338AB85527B2F39100EA41E5 /* Assets.xcassets in Resources */,
				338AB85327B2F39000EA41E5 /* Main.storyboard in Resources */,
			);
			runOnlyForDeploymentPostprocessing = 0;
		};
/* End PBXResourcesBuildPhase section */

/* Begin PBXSourcesBuildPhase section */
		338AB84427B2F39000EA41E5 /* Sources */ = {
			isa = PBXSourcesBuildPhase;
			buildActionMask = 2147483647;
			files = (
				338AB86027B2FAFE00EA41E5 /* LogInViewController.swift in Sources */,
				33855F8527C41B69009134B5 /* Connection.swift in Sources */,
				338AB84C27B2F39000EA41E5 /* AppDelegate.swift in Sources */,
				338AB84E27B2F39000EA41E5 /* SceneDelegate.swift in Sources */,
				33855F8927C41B83009134B5 /* AppData.swift in Sources */,
				33855F8327C403FD009134B5 /* EmployeeCell.swift in Sources */,
				337D421027B59B90005195A0 /* RegisterViewController.swift in Sources */,
				33855F8727C41B79009134B5 /* DataMapper.swift in Sources */,
				337D421427B59F8A005195A0 /* RecoverPasswordViewController.swift in Sources */,
				337D421227B59BB1005195A0 /* ProfileViewController.swift in Sources */,
				338AB86227B3018500EA41E5 /* EmployeeListViewController.swift in Sources */,
			);
			runOnlyForDeploymentPostprocessing = 0;
		};
/* End PBXSourcesBuildPhase section */

/* Begin PBXVariantGroup section */
		338AB85127B2F39000EA41E5 /* Main.storyboard */ = {
			isa = PBXVariantGroup;
			children = (
				338AB85227B2F39000EA41E5 /* Base */,
			);
			name = Main.storyboard;
			sourceTree = "<group>";
		};
		338AB85627B2F39100EA41E5 /* LaunchScreen.storyboard */ = {
			isa = PBXVariantGroup;
			children = (
				338AB85727B2F39100EA41E5 /* Base */,
			);
			name = LaunchScreen.storyboard;
			sourceTree = "<group>";
		};
/* End PBXVariantGroup section */

/* Begin XCBuildConfiguration section */
		338AB85A27B2F39100EA41E5 /* Debug */ = {
			isa = XCBuildConfiguration;
			buildSettings = {
				ALWAYS_SEARCH_USER_PATHS = NO;
				CLANG_ANALYZER_NONNULL = YES;
				CLANG_ANALYZER_NUMBER_OBJECT_CONVERSION = YES_AGGRESSIVE;
				CLANG_CXX_LANGUAGE_STANDARD = "gnu++14";
				CLANG_CXX_LIBRARY = "libc++";
				CLANG_ENABLE_MODULES = YES;
				CLANG_ENABLE_OBJC_ARC = YES;
				CLANG_ENABLE_OBJC_WEAK = YES;
				CLANG_WARN_BLOCK_CAPTURE_AUTORELEASING = YES;
				CLANG_WARN_BOOL_CONVERSION = YES;
				CLANG_WARN_COMMA = YES;
				CLANG_WARN_CONSTANT_CONVERSION = YES;
				CLANG_WARN_DEPRECATED_OBJC_IMPLEMENTATIONS = YES;
				CLANG_WARN_DIRECT_OBJC_ISA_USAGE = YES_ERROR;
				CLANG_WARN_DOCUMENTATION_COMMENTS = YES;
				CLANG_WARN_EMPTY_BODY = YES;
				CLANG_WARN_ENUM_CONVERSION = YES;
				CLANG_WARN_INFINITE_RECURSION = YES;
				CLANG_WARN_INT_CONVERSION = YES;
				CLANG_WARN_NON_LITERAL_NULL_CONVERSION = YES;
				CLANG_WARN_OBJC_IMPLICIT_RETAIN_SELF = YES;
				CLANG_WARN_OBJC_LITERAL_CONVERSION = YES;
				CLANG_WARN_OBJC_ROOT_CLASS = YES_ERROR;
				CLANG_WARN_QUOTED_INCLUDE_IN_FRAMEWORK_HEADER = YES;
				CLANG_WARN_RANGE_LOOP_ANALYSIS = YES;
				CLANG_WARN_STRICT_PROTOTYPES = YES;
				CLANG_WARN_SUSPICIOUS_MOVE = YES;
				CLANG_WARN_UNGUARDED_AVAILABILITY = YES_AGGRESSIVE;
				CLANG_WARN_UNREACHABLE_CODE = YES;
				CLANG_WARN__DUPLICATE_METHOD_MATCH = YES;
				COPY_PHASE_STRIP = NO;
				DEBUG_INFORMATION_FORMAT = dwarf;
				ENABLE_STRICT_OBJC_MSGSEND = YES;
				ENABLE_TESTABILITY = YES;
				GCC_C_LANGUAGE_STANDARD = gnu11;
				GCC_DYNAMIC_NO_PIC = NO;
				GCC_NO_COMMON_BLOCKS = YES;
				GCC_OPTIMIZATION_LEVEL = 0;
				GCC_PREPROCESSOR_DEFINITIONS = (
					"DEBUG=1",
					"$(inherited)",
				);
				GCC_WARN_64_TO_32_BIT_CONVERSION = YES;
				GCC_WARN_ABOUT_RETURN_TYPE = YES_ERROR;
				GCC_WARN_UNDECLARED_SELECTOR = YES;
				GCC_WARN_UNINITIALIZED_AUTOS = YES_AGGRESSIVE;
				GCC_WARN_UNUSED_FUNCTION = YES;
				GCC_WARN_UNUSED_VARIABLE = YES;
				IPHONEOS_DEPLOYMENT_TARGET = 14.5;
				MTL_ENABLE_DEBUG_INFO = INCLUDE_SOURCE;
				MTL_FAST_MATH = YES;
				ONLY_ACTIVE_ARCH = YES;
				SDKROOT = iphoneos;
				SWIFT_ACTIVE_COMPILATION_CONDITIONS = DEBUG;
				SWIFT_OPTIMIZATION_LEVEL = "-Onone";
			};
			name = Debug;
		};
		338AB85B27B2F39100EA41E5 /* Release */ = {
			isa = XCBuildConfiguration;
			buildSettings = {
				ALWAYS_SEARCH_USER_PATHS = NO;
				CLANG_ANALYZER_NONNULL = YES;
				CLANG_ANALYZER_NUMBER_OBJECT_CONVERSION = YES_AGGRESSIVE;
				CLANG_CXX_LANGUAGE_STANDARD = "gnu++14";
				CLANG_CXX_LIBRARY = "libc++";
				CLANG_ENABLE_MODULES = YES;
				CLANG_ENABLE_OBJC_ARC = YES;
				CLANG_ENABLE_OBJC_WEAK = YES;
				CLANG_WARN_BLOCK_CAPTURE_AUTORELEASING = YES;
				CLANG_WARN_BOOL_CONVERSION = YES;
				CLANG_WARN_COMMA = YES;
				CLANG_WARN_CONSTANT_CONVERSION = YES;
				CLANG_WARN_DEPRECATED_OBJC_IMPLEMENTATIONS = YES;
				CLANG_WARN_DIRECT_OBJC_ISA_USAGE = YES_ERROR;
				CLANG_WARN_DOCUMENTATION_COMMENTS = YES;
				CLANG_WARN_EMPTY_BODY = YES;
				CLANG_WARN_ENUM_CONVERSION = YES;
				CLANG_WARN_INFINITE_RECURSION = YES;
				CLANG_WARN_INT_CONVERSION = YES;
				CLANG_WARN_NON_LITERAL_NULL_CONVERSION = YES;
				CLANG_WARN_OBJC_IMPLICIT_RETAIN_SELF = YES;
				CLANG_WARN_OBJC_LITERAL_CONVERSION = YES;
				CLANG_WARN_OBJC_ROOT_CLASS = YES_ERROR;
				CLANG_WARN_QUOTED_INCLUDE_IN_FRAMEWORK_HEADER = YES;
				CLANG_WARN_RANGE_LOOP_ANALYSIS = YES;
				CLANG_WARN_STRICT_PROTOTYPES = YES;
				CLANG_WARN_SUSPICIOUS_MOVE = YES;
				CLANG_WARN_UNGUARDED_AVAILABILITY = YES_AGGRESSIVE;
				CLANG_WARN_UNREACHABLE_CODE = YES;
				CLANG_WARN__DUPLICATE_METHOD_MATCH = YES;
				COPY_PHASE_STRIP = NO;
				DEBUG_INFORMATION_FORMAT = "dwarf-with-dsym";
				ENABLE_NS_ASSERTIONS = NO;
				ENABLE_STRICT_OBJC_MSGSEND = YES;
				GCC_C_LANGUAGE_STANDARD = gnu11;
				GCC_NO_COMMON_BLOCKS = YES;
				GCC_WARN_64_TO_32_BIT_CONVERSION = YES;
				GCC_WARN_ABOUT_RETURN_TYPE = YES_ERROR;
				GCC_WARN_UNDECLARED_SELECTOR = YES;
				GCC_WARN_UNINITIALIZED_AUTOS = YES_AGGRESSIVE;
				GCC_WARN_UNUSED_FUNCTION = YES;
				GCC_WARN_UNUSED_VARIABLE = YES;
				IPHONEOS_DEPLOYMENT_TARGET = 14.5;
				MTL_ENABLE_DEBUG_INFO = NO;
				MTL_FAST_MATH = YES;
				SDKROOT = iphoneos;
				SWIFT_COMPILATION_MODE = wholemodule;
				SWIFT_OPTIMIZATION_LEVEL = "-O";
				VALIDATE_PRODUCT = YES;
			};
			name = Release;
		};
		338AB85D27B2F39100EA41E5 /* Debug */ = {
			isa = XCBuildConfiguration;
			buildSettings = {
				ASSETCATALOG_COMPILER_APPICON_NAME = AppIcon;
				ASSETCATALOG_COMPILER_GLOBAL_ACCENT_COLOR_NAME = AccentColor;
				CODE_SIGN_STYLE = Automatic;
				INFOPLIST_FILE = Employees/Info.plist;
				LD_RUNPATH_SEARCH_PATHS = (
					"$(inherited)",
					"@executable_path/Frameworks",
				);
				PRODUCT_BUNDLE_IDENTIFIER = relief.Employees;
				PRODUCT_NAME = "$(TARGET_NAME)";
				SWIFT_VERSION = 5.0;
				TARGETED_DEVICE_FAMILY = "1,2";
			};
			name = Debug;
		};
		338AB85E27B2F39100EA41E5 /* Release */ = {
			isa = XCBuildConfiguration;
			buildSettings = {
				ASSETCATALOG_COMPILER_APPICON_NAME = AppIcon;
				ASSETCATALOG_COMPILER_GLOBAL_ACCENT_COLOR_NAME = AccentColor;
				CODE_SIGN_STYLE = Automatic;
				INFOPLIST_FILE = Employees/Info.plist;
				LD_RUNPATH_SEARCH_PATHS = (
					"$(inherited)",
					"@executable_path/Frameworks",
				);
				PRODUCT_BUNDLE_IDENTIFIER = relief.Employees;
				PRODUCT_NAME = "$(TARGET_NAME)";
				SWIFT_VERSION = 5.0;
				TARGETED_DEVICE_FAMILY = "1,2";
			};
			name = Release;
		};
/* End XCBuildConfiguration section */

/* Begin XCConfigurationList section */
		338AB84327B2F39000EA41E5 /* Build configuration list for PBXProject "Employees" */ = {
			isa = XCConfigurationList;
			buildConfigurations = (
				338AB85A27B2F39100EA41E5 /* Debug */,
				338AB85B27B2F39100EA41E5 /* Release */,
			);
			defaultConfigurationIsVisible = 0;
			defaultConfigurationName = Release;
		};
		338AB85C27B2F39100EA41E5 /* Build configuration list for PBXNativeTarget "Employees" */ = {
			isa = XCConfigurationList;
			buildConfigurations = (
				338AB85D27B2F39100EA41E5 /* Debug */,
				338AB85E27B2F39100EA41E5 /* Release */,
			);
			defaultConfigurationIsVisible = 0;
			defaultConfigurationName = Release;
		};
/* End XCConfigurationList section */
	};
	rootObject = 338AB84027B2F39000EA41E5 /* Project object */;
}
